
Microsoft Visual Studio Solution File, Format Version 12.00
# Visual Studio 15
VisualStudioVersion = 15.0.28307.329
MinimumVisualStudioVersion = 10.0.40219.1
Project("{FAE04EC0-301F-11D3-BF4B-00C04F79EFBC}") = "DefaultBreadcrumbBug", "DefaultBreadcrumbBug\DefaultBreadcrumbBug.csproj", "{CF86B348-B33A-4945-A18B-E8BB409F045E}"
EndProject
Global
	GlobalSection(SolutionConfigurationPlatforms) = preSolution
		Debug|Any CPU = Debug|Any CPU
		Release|Any CPU = Release|Any CPU
	EndGlobalSection
	GlobalSection(ProjectConfigurationPlatforms) = postSolution
		{CF86B348-B33A-4945-A18B-E8BB409F045E}.Debug|Any CPU.ActiveCfg = Debug|Any CPU
		{CF86B348-B33A-4945-A18B-E8BB409F045E}.Debug|Any CPU.Build.0 = Debug|Any CPU
		{CF86B348-B33A-4945-A18B-E8BB409F045E}.Release|Any CPU.ActiveCfg = Release|Any CPU
		{CF86B348-B33A-4945-A18B-E8BB409F045E}.Release|Any CPU.Build.0 = Release|Any CPU
	EndGlobalSection
	GlobalSection(SolutionProperties) = preSolution
		HideSolutionNode = FALSE
	EndGlobalSection
	GlobalSection(ExtensibilityGlobals) = postSolution
		SolutionGuid = {DE4E1B5F-F05E-4643-944F-FA0A4D39627E}
	EndGlobalSection
EndGlobal
